
Microsoft Visual Studio Solution File, Format Version 12.00
# Visual Studio Version 17
VisualStudioVersion = 17.9.34607.119
MinimumVisualStudioVersion = 10.0.40219.1
Project("{FAE04EC0-301F-11D3-BF4B-00C04F79EFBC}") = "Minimum Falling Path Sum II", "Minimum Falling Path Sum II\Minimum Falling Path Sum II.csproj", "{4BEFB544-3D6C-49FB-AC47-C2E043B7CB0F}"
EndProject
Global
	GlobalSection(SolutionConfigurationPlatforms) = preSolution
		Debug|Any CPU = Debug|Any CPU
		Release|Any CPU = Release|Any CPU
	EndGlobalSection
	GlobalSection(ProjectConfigurationPlatforms) = postSolution
		{4BEFB544-3D6C-49FB-AC47-C2E043B7CB0F}.Debug|Any CPU.ActiveCfg = Debug|Any CPU
		{4BEFB544-3D6C-49FB-AC47-C2E043B7CB0F}.Debug|Any CPU.Build.0 = Debug|Any CPU
		{4BEFB544-3D6C-49FB-AC47-C2E043B7CB0F}.Release|Any CPU.ActiveCfg = Release|Any CPU
		{4BEFB544-3D6C-49FB-AC47-C2E043B7CB0F}.Release|Any CPU.Build.0 = Release|Any CPU
	EndGlobalSection
	GlobalSection(SolutionProperties) = preSolution
		HideSolutionNode = FALSE
	EndGlobalSection
	GlobalSection(ExtensibilityGlobals) = postSolution
		SolutionGuid = {80C77FFF-2C6F-406D-A6DF-874269B526A6}
	EndGlobalSection
EndGlobal
